// !$*UTF8*$!
{
	archiveVersion = 1;
	classes = {
	};
	objectVersion = 52;
	objects = {

/* Begin PBXBuildFile section */
		1315B9C626B53BC10030C84A /* CapmealModel.xcdatamodeld in Sources */ = {isa = PBXBuildFile; fileRef = 1315B9C426B53BC10030C84A /* CapmealModel.xcdatamodeld */; };
		1315B9C826B53BE40030C84A /* CoreDataClass.swift in Sources */ = {isa = PBXBuildFile; fileRef = 1315B9C726B53BE40030C84A /* CoreDataClass.swift */; };
		13492D57267F030600843181 /* Food101.mlmodel in Sources */ = {isa = PBXBuildFile; fileRef = 13492D56267F030600843181 /* Food101.mlmodel */; };
		13495F4026B42FCE0051EE32 /* DateExtension.swift in Sources */ = {isa = PBXBuildFile; fileRef = 13495F3F26B42FCE0051EE32 /* DateExtension.swift */; };
		137A0B632670CE2B00543CCF /* AppDelegate.swift in Sources */ = {isa = PBXBuildFile; fileRef = 137A0B622670CE2B00543CCF /* AppDelegate.swift */; };
		137A0B652670CE2B00543CCF /* SceneDelegate.swift in Sources */ = {isa = PBXBuildFile; fileRef = 137A0B642670CE2B00543CCF /* SceneDelegate.swift */; };
		137A0B6F2670CE2C00543CCF /* Assets.xcassets in Resources */ = {isa = PBXBuildFile; fileRef = 137A0B6E2670CE2C00543CCF /* Assets.xcassets */; };
		137A0B722670CE2C00543CCF /* LaunchScreen.storyboard in Resources */ = {isa = PBXBuildFile; fileRef = 137A0B702670CE2C00543CCF /* LaunchScreen.storyboard */; };
		138C847B26859C4D008E5C2C /* TimeToEatCollectionViewCell.swift in Sources */ = {isa = PBXBuildFile; fileRef = 138C847926859C4D008E5C2C /* TimeToEatCollectionViewCell.swift */; };
		138C847C26859C4D008E5C2C /* TimeToEatCollectionViewCell.xib in Resources */ = {isa = PBXBuildFile; fileRef = 138C847A26859C4D008E5C2C /* TimeToEatCollectionViewCell.xib */; };
		138C84802685A0B8008E5C2C /* ReasonToEatCollectionViewCell.swift in Sources */ = {isa = PBXBuildFile; fileRef = 138C847E2685A0B8008E5C2C /* ReasonToEatCollectionViewCell.swift */; };
		138C84812685A0B8008E5C2C /* ReasonToEatCollectionViewCell.xib in Resources */ = {isa = PBXBuildFile; fileRef = 138C847F2685A0B8008E5C2C /* ReasonToEatCollectionViewCell.xib */; };
		138C84852685CD8B008E5C2C /* FeelToEatCollectionViewCell.swift in Sources */ = {isa = PBXBuildFile; fileRef = 138C84832685CD8B008E5C2C /* FeelToEatCollectionViewCell.swift */; };
		138C84862685CD8B008E5C2C /* FeelToEatCollectionViewCell.xib in Resources */ = {isa = PBXBuildFile; fileRef = 138C84842685CD8B008E5C2C /* FeelToEatCollectionViewCell.xib */; };
		1394FF5B267AEC8E0062813A /* Quicksand-Light.ttf in Resources */ = {isa = PBXBuildFile; fileRef = 1394FF56267AEC8E0062813A /* Quicksand-Light.ttf */; };
		1394FF5C267AEC8E0062813A /* Quicksand-Medium.ttf in Resources */ = {isa = PBXBuildFile; fileRef = 1394FF57267AEC8E0062813A /* Quicksand-Medium.ttf */; };
		1394FF5D267AEC8E0062813A /* Quicksand-Regular.ttf in Resources */ = {isa = PBXBuildFile; fileRef = 1394FF58267AEC8E0062813A /* Quicksand-Regular.ttf */; };
		1394FF5E267AEC8E0062813A /* Quicksand-Bold.ttf in Resources */ = {isa = PBXBuildFile; fileRef = 1394FF59267AEC8E0062813A /* Quicksand-Bold.ttf */; };
		1394FF5F267AEC8E0062813A /* Quicksand-SemiBold.ttf in Resources */ = {isa = PBXBuildFile; fileRef = 1394FF5A267AEC8E0062813A /* Quicksand-SemiBold.ttf */; };
		1394FF67267AEFE20062813A /* WeeklyCollectionViewCell.swift in Sources */ = {isa = PBXBuildFile; fileRef = 1394FF65267AEFE20062813A /* WeeklyCollectionViewCell.swift */; };
		1394FF68267AEFE20062813A /* WeeklyCollectionViewCell.xib in Resources */ = {isa = PBXBuildFile; fileRef = 1394FF66267AEFE20062813A /* WeeklyCollectionViewCell.xib */; };
		13970F042678A7DF00B6F11D /* JournalViewController.swift in Sources */ = {isa = PBXBuildFile; fileRef = 13970F032678A7DF00B6F11D /* JournalViewController.swift */; };
		13970F062678A7F200B6F11D /* JournalViewController.storyboard in Resources */ = {isa = PBXBuildFile; fileRef = 13970F052678A7F200B6F11D /* JournalViewController.storyboard */; };
		139AD0A02679C69D00954DB2 /* GalleryPhotoCollectionViewCell.swift in Sources */ = {isa = PBXBuildFile; fileRef = 139AD09E2679C69D00954DB2 /* GalleryPhotoCollectionViewCell.swift */; };
		139AD0A12679C69D00954DB2 /* GalleryPhotoCollectionViewCell.xib in Resources */ = {isa = PBXBuildFile; fileRef = 139AD09F2679C69D00954DB2 /* GalleryPhotoCollectionViewCell.xib */; };
		139AD0AB2679F70E00954DB2 /* Photo.swift in Sources */ = {isa = PBXBuildFile; fileRef = 139AD0AA2679F70E00954DB2 /* Photo.swift */; };
		13A11C76268324E200FA1545 /* FatSecretSwift in Frameworks */ = {isa = PBXBuildFile; productRef = 13A11C75268324E200FA1545 /* FatSecretSwift */; };
		13B3EC6726B2ABBE00870C20 /* Backup.swift in Sources */ = {isa = PBXBuildFile; fileRef = 13B3EC6626B2ABBE00870C20 /* Backup.swift */; };
		13B3EC6A26B2AE6F00870C20 /* HomeTabBar.swift in Sources */ = {isa = PBXBuildFile; fileRef = 13B3EC6926B2AE6F00870C20 /* HomeTabBar.swift */; };
		13B3EC6C26B2AE7F00870C20 /* HomeTabBar.storyboard in Resources */ = {isa = PBXBuildFile; fileRef = 13B3EC6B26B2AE7F00870C20 /* HomeTabBar.storyboard */; };
		13B3EC6F26B2B4E400870C20 /* Profile.storyboard in Resources */ = {isa = PBXBuildFile; fileRef = 13B3EC6E26B2B4E400870C20 /* Profile.storyboard */; };
		13B3EC7126B2B4F500870C20 /* ProfileViewController.swift in Sources */ = {isa = PBXBuildFile; fileRef = 13B3EC7026B2B4F500870C20 /* ProfileViewController.swift */; };
		221A0BBD267B321D0042A94A /* HasilFoto.storyboard in Resources */ = {isa = PBXBuildFile; fileRef = 221A0BBC267B321D0042A94A /* HasilFoto.storyboard */; };
		221A0BC3267B3B570042A94A /* HasilFotoVC.swift in Sources */ = {isa = PBXBuildFile; fileRef = 221A0BC2267B3B570042A94A /* HasilFotoVC.swift */; };
		221A0BC5267B60B00042A94A /* Extention.swift in Sources */ = {isa = PBXBuildFile; fileRef = 221A0BC4267B60B00042A94A /* Extention.swift */; };
		2289F5CC2672218D00C118CD /* FoodRecog.storyboard in Resources */ = {isa = PBXBuildFile; fileRef = 2289F5CB2672218D00C118CD /* FoodRecog.storyboard */; };
		2289F5CE267222A900C118CD /* FoodRecogVC.swift in Sources */ = {isa = PBXBuildFile; fileRef = 2289F5CD267222A900C118CD /* FoodRecogVC.swift */; };
		4434291F267C281900A85983 /* OnboardingViewController.swift in Sources */ = {isa = PBXBuildFile; fileRef = 4434291D267C281900A85983 /* OnboardingViewController.swift */; };
		44342927267C2BA800A85983 /* OnboardingCollectionViewCell.swift in Sources */ = {isa = PBXBuildFile; fileRef = 44342926267C2BA800A85983 /* OnboardingCollectionViewCell.swift */; };
		44342930267C3FDC00A85983 /* Onboarding.storyboard in Resources */ = {isa = PBXBuildFile; fileRef = 4434292F267C3FDC00A85983 /* Onboarding.storyboard */; };
		44B333B2267C159D00C4BC96 /* OnboardingSlide.swift in Sources */ = {isa = PBXBuildFile; fileRef = 44B333B1267C159D00C4BC96 /* OnboardingSlide.swift */; };
		B44FB77D8D343950DE8B538F /* Pods_Healco.framework in Frameworks */ = {isa = PBXBuildFile; fileRef = 45A02339C3BA8D0BCF14A287 /* Pods_Healco.framework */; };
		EF68BF782683322C00AE0F0A /* FoodDetail.storyboard in Resources */ = {isa = PBXBuildFile; fileRef = EF68BF772683322C00AE0F0A /* FoodDetail.storyboard */; };
		EF68BF7A2683399B00AE0F0A /* FoodNameViewController.swift in Sources */ = {isa = PBXBuildFile; fileRef = EF68BF792683399B00AE0F0A /* FoodNameViewController.swift */; };
		EFAB9683267F08CF00C23BA2 /* FoodModel.swift in Sources */ = {isa = PBXBuildFile; fileRef = EFAB9682267F08CF00C23BA2 /* FoodModel.swift */; };
		EFB2CFD8267B546600414E66 /* FoodDetailViewController.swift in Sources */ = {isa = PBXBuildFile; fileRef = EFB2CFD7267B546600414E66 /* FoodDetailViewController.swift */; };
/* End PBXBuildFile section */

/* Begin PBXFileReference section */
		1315B9C526B53BC10030C84A /* CapmealModel.xcdatamodel */ = {isa = PBXFileReference; lastKnownFileType = wrapper.xcdatamodel; path = CapmealModel.xcdatamodel; sourceTree = "<group>"; };
		1315B9C726B53BE40030C84A /* CoreDataClass.swift */ = {isa = PBXFileReference; fileEncoding = 4; lastKnownFileType = sourcecode.swift; path = CoreDataClass.swift; sourceTree = "<group>"; };
		13492D56267F030600843181 /* Food101.mlmodel */ = {isa = PBXFileReference; lastKnownFileType = file.mlmodel; path = Food101.mlmodel; sourceTree = "<group>"; };
		13495F3F26B42FCE0051EE32 /* DateExtension.swift */ = {isa = PBXFileReference; lastKnownFileType = sourcecode.swift; path = DateExtension.swift; sourceTree = "<group>"; };
		137A0B5F2670CE2B00543CCF /* Healco.app */ = {isa = PBXFileReference; explicitFileType = wrapper.application; includeInIndex = 0; path = Healco.app; sourceTree = BUILT_PRODUCTS_DIR; };
		137A0B622670CE2B00543CCF /* AppDelegate.swift */ = {isa = PBXFileReference; lastKnownFileType = sourcecode.swift; path = AppDelegate.swift; sourceTree = "<group>"; };
		137A0B642670CE2B00543CCF /* SceneDelegate.swift */ = {isa = PBXFileReference; lastKnownFileType = sourcecode.swift; path = SceneDelegate.swift; sourceTree = "<group>"; };
		137A0B6E2670CE2C00543CCF /* Assets.xcassets */ = {isa = PBXFileReference; lastKnownFileType = folder.assetcatalog; path = Assets.xcassets; sourceTree = "<group>"; };
		137A0B712670CE2C00543CCF /* Base */ = {isa = PBXFileReference; lastKnownFileType = file.storyboard; name = Base; path = Base.lproj/LaunchScreen.storyboard; sourceTree = "<group>"; };
		137A0B732670CE2C00543CCF /* Info.plist */ = {isa = PBXFileReference; lastKnownFileType = text.plist.xml; path = Info.plist; sourceTree = "<group>"; };
		138C847926859C4D008E5C2C /* TimeToEatCollectionViewCell.swift */ = {isa = PBXFileReference; lastKnownFileType = sourcecode.swift; path = TimeToEatCollectionViewCell.swift; sourceTree = "<group>"; };
		138C847A26859C4D008E5C2C /* TimeToEatCollectionViewCell.xib */ = {isa = PBXFileReference; lastKnownFileType = file.xib; path = TimeToEatCollectionViewCell.xib; sourceTree = "<group>"; };
		138C847E2685A0B8008E5C2C /* ReasonToEatCollectionViewCell.swift */ = {isa = PBXFileReference; lastKnownFileType = sourcecode.swift; path = ReasonToEatCollectionViewCell.swift; sourceTree = "<group>"; };
		138C847F2685A0B8008E5C2C /* ReasonToEatCollectionViewCell.xib */ = {isa = PBXFileReference; lastKnownFileType = file.xib; path = ReasonToEatCollectionViewCell.xib; sourceTree = "<group>"; };
		138C84832685CD8B008E5C2C /* FeelToEatCollectionViewCell.swift */ = {isa = PBXFileReference; lastKnownFileType = sourcecode.swift; path = FeelToEatCollectionViewCell.swift; sourceTree = "<group>"; };
		138C84842685CD8B008E5C2C /* FeelToEatCollectionViewCell.xib */ = {isa = PBXFileReference; lastKnownFileType = file.xib; path = FeelToEatCollectionViewCell.xib; sourceTree = "<group>"; };
		1394B2612689A579004A706C /* Healco.entitlements */ = {isa = PBXFileReference; lastKnownFileType = text.plist.entitlements; path = Healco.entitlements; sourceTree = "<group>"; };
		1394FF56267AEC8E0062813A /* Quicksand-Light.ttf */ = {isa = PBXFileReference; lastKnownFileType = file; path = "Quicksand-Light.ttf"; sourceTree = "<group>"; };
		1394FF57267AEC8E0062813A /* Quicksand-Medium.ttf */ = {isa = PBXFileReference; lastKnownFileType = file; path = "Quicksand-Medium.ttf"; sourceTree = "<group>"; };
		1394FF58267AEC8E0062813A /* Quicksand-Regular.ttf */ = {isa = PBXFileReference; lastKnownFileType = file; path = "Quicksand-Regular.ttf"; sourceTree = "<group>"; };
		1394FF59267AEC8E0062813A /* Quicksand-Bold.ttf */ = {isa = PBXFileReference; lastKnownFileType = file; path = "Quicksand-Bold.ttf"; sourceTree = "<group>"; };
		1394FF5A267AEC8E0062813A /* Quicksand-SemiBold.ttf */ = {isa = PBXFileReference; lastKnownFileType = file; path = "Quicksand-SemiBold.ttf"; sourceTree = "<group>"; };
		1394FF65267AEFE20062813A /* WeeklyCollectionViewCell.swift */ = {isa = PBXFileReference; lastKnownFileType = sourcecode.swift; path = WeeklyCollectionViewCell.swift; sourceTree = "<group>"; };
		1394FF66267AEFE20062813A /* WeeklyCollectionViewCell.xib */ = {isa = PBXFileReference; lastKnownFileType = file.xib; path = WeeklyCollectionViewCell.xib; sourceTree = "<group>"; };
		13970F032678A7DF00B6F11D /* JournalViewController.swift */ = {isa = PBXFileReference; lastKnownFileType = sourcecode.swift; path = JournalViewController.swift; sourceTree = "<group>"; };
		13970F052678A7F200B6F11D /* JournalViewController.storyboard */ = {isa = PBXFileReference; lastKnownFileType = file.storyboard; path = JournalViewController.storyboard; sourceTree = "<group>"; };
		139AD09E2679C69D00954DB2 /* GalleryPhotoCollectionViewCell.swift */ = {isa = PBXFileReference; lastKnownFileType = sourcecode.swift; path = GalleryPhotoCollectionViewCell.swift; sourceTree = "<group>"; };
		139AD09F2679C69D00954DB2 /* GalleryPhotoCollectionViewCell.xib */ = {isa = PBXFileReference; lastKnownFileType = file.xib; path = GalleryPhotoCollectionViewCell.xib; sourceTree = "<group>"; };
		139AD0AA2679F70E00954DB2 /* Photo.swift */ = {isa = PBXFileReference; lastKnownFileType = sourcecode.swift; path = Photo.swift; sourceTree = "<group>"; };
		13B3EC6626B2ABBE00870C20 /* Backup.swift */ = {isa = PBXFileReference; lastKnownFileType = sourcecode.swift; path = Backup.swift; sourceTree = "<group>"; };
		13B3EC6926B2AE6F00870C20 /* HomeTabBar.swift */ = {isa = PBXFileReference; lastKnownFileType = sourcecode.swift; path = HomeTabBar.swift; sourceTree = "<group>"; };
		13B3EC6B26B2AE7F00870C20 /* HomeTabBar.storyboard */ = {isa = PBXFileReference; lastKnownFileType = file.storyboard; path = HomeTabBar.storyboard; sourceTree = "<group>"; };
		13B3EC6E26B2B4E400870C20 /* Profile.storyboard */ = {isa = PBXFileReference; lastKnownFileType = file.storyboard; path = Profile.storyboard; sourceTree = "<group>"; };
		13B3EC7026B2B4F500870C20 /* ProfileViewController.swift */ = {isa = PBXFileReference; lastKnownFileType = sourcecode.swift; path = ProfileViewController.swift; sourceTree = "<group>"; };
		221A0BBC267B321D0042A94A /* HasilFoto.storyboard */ = {isa = PBXFileReference; lastKnownFileType = file.storyboard; path = HasilFoto.storyboard; sourceTree = "<group>"; };
		221A0BC2267B3B570042A94A /* HasilFotoVC.swift */ = {isa = PBXFileReference; lastKnownFileType = sourcecode.swift; path = HasilFotoVC.swift; sourceTree = "<group>"; };
		221A0BC4267B60B00042A94A /* Extention.swift */ = {isa = PBXFileReference; lastKnownFileType = sourcecode.swift; path = Extention.swift; sourceTree = "<group>"; };
		2289F5CB2672218D00C118CD /* FoodRecog.storyboard */ = {isa = PBXFileReference; lastKnownFileType = file.storyboard; path = FoodRecog.storyboard; sourceTree = "<group>"; };
		2289F5CD267222A900C118CD /* FoodRecogVC.swift */ = {isa = PBXFileReference; lastKnownFileType = sourcecode.swift; path = FoodRecogVC.swift; sourceTree = "<group>"; };
		4434291D267C281900A85983 /* OnboardingViewController.swift */ = {isa = PBXFileReference; lastKnownFileType = sourcecode.swift; path = OnboardingViewController.swift; sourceTree = "<group>"; };
		44342926267C2BA800A85983 /* OnboardingCollectionViewCell.swift */ = {isa = PBXFileReference; fileEncoding = 4; lastKnownFileType = sourcecode.swift; path = OnboardingCollectionViewCell.swift; sourceTree = "<group>"; };
		4434292F267C3FDC00A85983 /* Onboarding.storyboard */ = {isa = PBXFileReference; lastKnownFileType = file.storyboard; path = Onboarding.storyboard; sourceTree = "<group>"; };
		44B333B1267C159D00C4BC96 /* OnboardingSlide.swift */ = {isa = PBXFileReference; fileEncoding = 4; lastKnownFileType = sourcecode.swift; path = OnboardingSlide.swift; sourceTree = "<group>"; };
		45A02339C3BA8D0BCF14A287 /* Pods_Healco.framework */ = {isa = PBXFileReference; explicitFileType = wrapper.framework; includeInIndex = 0; path = Pods_Healco.framework; sourceTree = BUILT_PRODUCTS_DIR; };
		926237BE82BF52C385C57C5A /* Pods-Healco.release.xcconfig */ = {isa = PBXFileReference; includeInIndex = 1; lastKnownFileType = text.xcconfig; name = "Pods-Healco.release.xcconfig"; path = "Target Support Files/Pods-Healco/Pods-Healco.release.xcconfig"; sourceTree = "<group>"; };
		9ABF74E3677E2222C9FEFBBA /* Pods-Healco.debug.xcconfig */ = {isa = PBXFileReference; includeInIndex = 1; lastKnownFileType = text.xcconfig; name = "Pods-Healco.debug.xcconfig"; path = "Target Support Files/Pods-Healco/Pods-Healco.debug.xcconfig"; sourceTree = "<group>"; };
		EF68BF772683322C00AE0F0A /* FoodDetail.storyboard */ = {isa = PBXFileReference; lastKnownFileType = file.storyboard; path = FoodDetail.storyboard; sourceTree = "<group>"; };
		EF68BF792683399B00AE0F0A /* FoodNameViewController.swift */ = {isa = PBXFileReference; lastKnownFileType = sourcecode.swift; path = FoodNameViewController.swift; sourceTree = "<group>"; };
		EFAB9682267F08CF00C23BA2 /* FoodModel.swift */ = {isa = PBXFileReference; lastKnownFileType = sourcecode.swift; path = FoodModel.swift; sourceTree = "<group>"; };
		EFB2CFD7267B546600414E66 /* FoodDetailViewController.swift */ = {isa = PBXFileReference; lastKnownFileType = sourcecode.swift; path = FoodDetailViewController.swift; sourceTree = "<group>"; };
/* End PBXFileReference section */

/* Begin PBXFrameworksBuildPhase section */
		137A0B5C2670CE2B00543CCF /* Frameworks */ = {
			isa = PBXFrameworksBuildPhase;
			buildActionMask = 2147483647;
			files = (
				13A11C76268324E200FA1545 /* FatSecretSwift in Frameworks */,
				B44FB77D8D343950DE8B538F /* Pods_Healco.framework in Frameworks */,
			);
			runOnlyForDeploymentPostprocessing = 0;
		};
/* End PBXFrameworksBuildPhase section */

/* Begin PBXGroup section */
		13492D53267F020800843181 /* FoodRecog */ = {
			isa = PBXGroup;
			children = (
				2289F5CD267222A900C118CD /* FoodRecogVC.swift */,
				2289F5CB2672218D00C118CD /* FoodRecog.storyboard */,
			);
			path = FoodRecog;
			sourceTree = "<group>";
		};
		13492D54267F021E00843181 /* HasilFoto */ = {
			isa = PBXGroup;
			children = (
				221A0BBC267B321D0042A94A /* HasilFoto.storyboard */,
				221A0BC2267B3B570042A94A /* HasilFotoVC.swift */,
			);
			path = HasilFoto;
			sourceTree = "<group>";
		};
		13492D55267F022E00843181 /* Helpers */ = {
			isa = PBXGroup;
			children = (
				1315B9C726B53BE40030C84A /* CoreDataClass.swift */,
				221A0BC4267B60B00042A94A /* Extention.swift */,
				13495F3F26B42FCE0051EE32 /* DateExtension.swift */,
			);
			path = Helpers;
			sourceTree = "<group>";
		};
		137A0B562670CE2B00543CCF = {
			isa = PBXGroup;
			children = (
				1315B9C426B53BC10030C84A /* CapmealModel.xcdatamodeld */,
				137A0B612670CE2B00543CCF /* Healco */,
				137A0B602670CE2B00543CCF /* Products */,
				68300107CC7A5F6FCEACC122 /* Pods */,
				49D385FB5606C38EC4F15509 /* Frameworks */,
				139398B026809812004915C9 /* Recovered References */,
			);
			sourceTree = "<group>";
		};
		137A0B602670CE2B00543CCF /* Products */ = {
			isa = PBXGroup;
			children = (
				137A0B5F2670CE2B00543CCF /* Healco.app */,
			);
			name = Products;
			sourceTree = "<group>";
		};
		137A0B612670CE2B00543CCF /* Healco */ = {
			isa = PBXGroup;
			children = (
				1394B2612689A579004A706C /* Healco.entitlements */,
				13492D55267F022E00843181 /* Helpers */,
				1394FF53267AEC3D0062813A /* Fonts */,
				13970EFF2678A70900B6F11D /* Controllers */,
				13970EFE2678A70300B6F11D /* Views */,
				13970EFD2678A6F600B6F11D /* Models */,
				137A0B622670CE2B00543CCF /* AppDelegate.swift */,
				137A0B642670CE2B00543CCF /* SceneDelegate.swift */,
				2268724B2678BF41006293A3 /* MLmodel */,
				137A0B6E2670CE2C00543CCF /* Assets.xcassets */,
				137A0B702670CE2C00543CCF /* LaunchScreen.storyboard */,
				137A0B732670CE2C00543CCF /* Info.plist */,
			);
			path = Healco;
			sourceTree = "<group>";
		};
		138C847626859C20008E5C2C /* TimeToEat */ = {
			isa = PBXGroup;
			children = (
				138C847926859C4D008E5C2C /* TimeToEatCollectionViewCell.swift */,
				138C847A26859C4D008E5C2C /* TimeToEatCollectionViewCell.xib */,
			);
			path = TimeToEat;
			sourceTree = "<group>";
		};
		138C847D2685A093008E5C2C /* ReasonToEat */ = {
			isa = PBXGroup;
			children = (
				138C847E2685A0B8008E5C2C /* ReasonToEatCollectionViewCell.swift */,
				138C847F2685A0B8008E5C2C /* ReasonToEatCollectionViewCell.xib */,
			);
			path = ReasonToEat;
			sourceTree = "<group>";
		};
		138C84822685CD71008E5C2C /* FeelWhenEat */ = {
			isa = PBXGroup;
			children = (
				138C84832685CD8B008E5C2C /* FeelToEatCollectionViewCell.swift */,
				138C84842685CD8B008E5C2C /* FeelToEatCollectionViewCell.xib */,
			);
			path = FeelWhenEat;
			sourceTree = "<group>";
		};
		139398B026809812004915C9 /* Recovered References */ = {
			isa = PBXGroup;
			children = (
			);
			name = "Recovered References";
			sourceTree = "<group>";
		};
		139398B12680C211004915C9 /* FoodDetail */ = {
			isa = PBXGroup;
			children = (
				EFB2CFD7267B546600414E66 /* FoodDetailViewController.swift */,
				EF68BF772683322C00AE0F0A /* FoodDetail.storyboard */,
				EF68BF792683399B00AE0F0A /* FoodNameViewController.swift */,
			);
			path = FoodDetail;
			sourceTree = "<group>";
		};
		1394FF53267AEC3D0062813A /* Fonts */ = {
			isa = PBXGroup;
			children = (
				1394FF59267AEC8E0062813A /* Quicksand-Bold.ttf */,
				1394FF56267AEC8E0062813A /* Quicksand-Light.ttf */,
				1394FF57267AEC8E0062813A /* Quicksand-Medium.ttf */,
				1394FF58267AEC8E0062813A /* Quicksand-Regular.ttf */,
				1394FF5A267AEC8E0062813A /* Quicksand-SemiBold.ttf */,
			);
			path = Fonts;
			sourceTree = "<group>";
		};
		1394FF62267AEEB60062813A /* JournalWeekly */ = {
			isa = PBXGroup;
			children = (
				1394FF65267AEFE20062813A /* WeeklyCollectionViewCell.swift */,
				1394FF66267AEFE20062813A /* WeeklyCollectionViewCell.xib */,
			);
			path = JournalWeekly;
			sourceTree = "<group>";
		};
		13970EFD2678A6F600B6F11D /* Models */ = {
			isa = PBXGroup;
			children = (
				139AD0AA2679F70E00954DB2 /* Photo.swift */,
				44B333B1267C159D00C4BC96 /* OnboardingSlide.swift */,
				EFAB9682267F08CF00C23BA2 /* FoodModel.swift */,
			);
			path = Models;
			sourceTree = "<group>";
		};
		13970EFE2678A70300B6F11D /* Views */ = {
			isa = PBXGroup;
			children = (
				138C84822685CD71008E5C2C /* FeelWhenEat */,
				138C847D2685A093008E5C2C /* ReasonToEat */,
				138C847626859C20008E5C2C /* TimeToEat */,
				1394FF62267AEEB60062813A /* JournalWeekly */,
				139AD09D2679C66F00954DB2 /* JournalGalleryPhoto */,
			);
			path = Views;
			sourceTree = "<group>";
		};
		13970EFF2678A70900B6F11D /* Controllers */ = {
			isa = PBXGroup;
			children = (
				13B3EC6D26B2B4D700870C20 /* Profile */,
				13B3EC6826B2AE5F00870C20 /* TabBar */,
				139398B12680C211004915C9 /* FoodDetail */,
				4434291C267C27CC00A85983 /* Onboarding */,
				13492D54267F021E00843181 /* HasilFoto */,
				13492D53267F020800843181 /* FoodRecog */,
				13970F002678A78B00B6F11D /* Journal */,
			);
			path = Controllers;
			sourceTree = "<group>";
		};
		13970F002678A78B00B6F11D /* Journal */ = {
			isa = PBXGroup;
			children = (
				13970F032678A7DF00B6F11D /* JournalViewController.swift */,
				13970F052678A7F200B6F11D /* JournalViewController.storyboard */,
				13B3EC6626B2ABBE00870C20 /* Backup.swift */,
			);
			path = Journal;
			sourceTree = "<group>";
		};
		139AD09D2679C66F00954DB2 /* JournalGalleryPhoto */ = {
			isa = PBXGroup;
			children = (
				139AD09E2679C69D00954DB2 /* GalleryPhotoCollectionViewCell.swift */,
				139AD09F2679C69D00954DB2 /* GalleryPhotoCollectionViewCell.xib */,
			);
			path = JournalGalleryPhoto;
			sourceTree = "<group>";
		};
		13B3EC6826B2AE5F00870C20 /* TabBar */ = {
			isa = PBXGroup;
			children = (
				13B3EC6926B2AE6F00870C20 /* HomeTabBar.swift */,
				13B3EC6B26B2AE7F00870C20 /* HomeTabBar.storyboard */,
			);
			path = TabBar;
			sourceTree = "<group>";
		};
		13B3EC6D26B2B4D700870C20 /* Profile */ = {
			isa = PBXGroup;
			children = (
				13B3EC6E26B2B4E400870C20 /* Profile.storyboard */,
				13B3EC7026B2B4F500870C20 /* ProfileViewController.swift */,
			);
			path = Profile;
			sourceTree = "<group>";
		};
		2268724B2678BF41006293A3 /* MLmodel */ = {
			isa = PBXGroup;
			children = (
				13492D56267F030600843181 /* Food101.mlmodel */,
			);
			path = MLmodel;
			sourceTree = "<group>";
		};
		4434291C267C27CC00A85983 /* Onboarding */ = {
			isa = PBXGroup;
			children = (
				4434291D267C281900A85983 /* OnboardingViewController.swift */,
				44342926267C2BA800A85983 /* OnboardingCollectionViewCell.swift */,
				4434292F267C3FDC00A85983 /* Onboarding.storyboard */,
			);
			path = Onboarding;
			sourceTree = "<group>";
		};
		49D385FB5606C38EC4F15509 /* Frameworks */ = {
			isa = PBXGroup;
			children = (
				45A02339C3BA8D0BCF14A287 /* Pods_Healco.framework */,
			);
			name = Frameworks;
			sourceTree = "<group>";
		};
		68300107CC7A5F6FCEACC122 /* Pods */ = {
			isa = PBXGroup;
			children = (
				9ABF74E3677E2222C9FEFBBA /* Pods-Healco.debug.xcconfig */,
				926237BE82BF52C385C57C5A /* Pods-Healco.release.xcconfig */,
			);
			path = Pods;
			sourceTree = "<group>";
		};
/* End PBXGroup section */

/* Begin PBXNativeTarget section */
		137A0B5E2670CE2B00543CCF /* Healco */ = {
			isa = PBXNativeTarget;
			buildConfigurationList = 137A0B762670CE2C00543CCF /* Build configuration list for PBXNativeTarget "Healco" */;
			buildPhases = (
				7BA0C6E673C47AE669915A9E /* [CP] Check Pods Manifest.lock */,
				137A0B5B2670CE2B00543CCF /* Sources */,
				137A0B5C2670CE2B00543CCF /* Frameworks */,
				137A0B5D2670CE2B00543CCF /* Resources */,
				440735CEF247ED521019EC9F /* [CP] Embed Pods Frameworks */,
			);
			buildRules = (
			);
			dependencies = (
			);
			name = Healco;
			packageProductDependencies = (
				13A11C75268324E200FA1545 /* FatSecretSwift */,
			);
			productName = Healco;
			productReference = 137A0B5F2670CE2B00543CCF /* Healco.app */;
			productType = "com.apple.product-type.application";
		};
/* End PBXNativeTarget section */

/* Begin PBXProject section */
		137A0B572670CE2B00543CCF /* Project object */ = {
			isa = PBXProject;
			attributes = {
				LastSwiftUpdateCheck = 1250;
				LastUpgradeCheck = 1250;
				TargetAttributes = {
					137A0B5E2670CE2B00543CCF = {
						CreatedOnToolsVersion = 12.5;
					};
				};
			};
			buildConfigurationList = 137A0B5A2670CE2B00543CCF /* Build configuration list for PBXProject "Healco" */;
			compatibilityVersion = "Xcode 9.3";
			developmentRegion = en;
			hasScannedForEncodings = 0;
			knownRegions = (
				en,
				Base,
			);
			mainGroup = 137A0B562670CE2B00543CCF;
			packageReferences = (
				13A11C74268324E200FA1545 /* XCRemoteSwiftPackageReference "FatSecretSwift" */,
			);
			productRefGroup = 137A0B602670CE2B00543CCF /* Products */;
			projectDirPath = "";
			projectRoot = "";
			targets = (
				137A0B5E2670CE2B00543CCF /* Healco */,
			);
		};
/* End PBXProject section */

/* Begin PBXResourcesBuildPhase section */
		137A0B5D2670CE2B00543CCF /* Resources */ = {
			isa = PBXResourcesBuildPhase;
			buildActionMask = 2147483647;
			files = (
				137A0B722670CE2C00543CCF /* LaunchScreen.storyboard in Resources */,
				13B3EC6F26B2B4E400870C20 /* Profile.storyboard in Resources */,
				1394FF5F267AEC8E0062813A /* Quicksand-SemiBold.ttf in Resources */,
				1394FF68267AEFE20062813A /* WeeklyCollectionViewCell.xib in Resources */,
				139AD0A12679C69D00954DB2 /* GalleryPhotoCollectionViewCell.xib in Resources */,
				1394FF5C267AEC8E0062813A /* Quicksand-Medium.ttf in Resources */,
				1394FF5D267AEC8E0062813A /* Quicksand-Regular.ttf in Resources */,
				1394FF5E267AEC8E0062813A /* Quicksand-Bold.ttf in Resources */,
				44342930267C3FDC00A85983 /* Onboarding.storyboard in Resources */,
				137A0B6F2670CE2C00543CCF /* Assets.xcassets in Resources */,
				1394FF5B267AEC8E0062813A /* Quicksand-Light.ttf in Resources */,
				138C84812685A0B8008E5C2C /* ReasonToEatCollectionViewCell.xib in Resources */,
				138C84862685CD8B008E5C2C /* FeelToEatCollectionViewCell.xib in Resources */,
				13970F062678A7F200B6F11D /* JournalViewController.storyboard in Resources */,
				13B3EC6C26B2AE7F00870C20 /* HomeTabBar.storyboard in Resources */,
				2289F5CC2672218D00C118CD /* FoodRecog.storyboard in Resources */,
				221A0BBD267B321D0042A94A /* HasilFoto.storyboard in Resources */,
				138C847C26859C4D008E5C2C /* TimeToEatCollectionViewCell.xib in Resources */,
				EF68BF782683322C00AE0F0A /* FoodDetail.storyboard in Resources */,
			);
			runOnlyForDeploymentPostprocessing = 0;
		};
/* End PBXResourcesBuildPhase section */

/* Begin PBXShellScriptBuildPhase section */
		440735CEF247ED521019EC9F /* [CP] Embed Pods Frameworks */ = {
			isa = PBXShellScriptBuildPhase;
			buildActionMask = 2147483647;
			files = (
			);
			inputFileListPaths = (
				"${PODS_ROOT}/Target Support Files/Pods-Healco/Pods-Healco-frameworks-${CONFIGURATION}-input-files.xcfilelist",
			);
			name = "[CP] Embed Pods Frameworks";
			outputFileListPaths = (
				"${PODS_ROOT}/Target Support Files/Pods-Healco/Pods-Healco-frameworks-${CONFIGURATION}-output-files.xcfilelist",
			);
			runOnlyForDeploymentPostprocessing = 0;
			shellPath = /bin/sh;
			shellScript = "\"${PODS_ROOT}/Target Support Files/Pods-Healco/Pods-Healco-frameworks.sh\"\n";
			showEnvVarsInLog = 0;
		};
		7BA0C6E673C47AE669915A9E /* [CP] Check Pods Manifest.lock */ = {
			isa = PBXShellScriptBuildPhase;
			buildActionMask = 2147483647;
			files = (
			);
			inputFileListPaths = (
			);
			inputPaths = (
				"${PODS_PODFILE_DIR_PATH}/Podfile.lock",
				"${PODS_ROOT}/Manifest.lock",
			);
			name = "[CP] Check Pods Manifest.lock";
			outputFileListPaths = (
			);
			outputPaths = (
				"$(DERIVED_FILE_DIR)/Pods-Healco-checkManifestLockResult.txt",
			);
			runOnlyForDeploymentPostprocessing = 0;
			shellPath = /bin/sh;
			shellScript = "diff \"${PODS_PODFILE_DIR_PATH}/Podfile.lock\" \"${PODS_ROOT}/Manifest.lock\" > /dev/null\nif [ $? != 0 ] ; then\n    # print error to STDERR\n    echo \"error: The sandbox is not in sync with the Podfile.lock. Run 'pod install' or update your CocoaPods installation.\" >&2\n    exit 1\nfi\n# This output is used by Xcode 'outputs' to avoid re-running this script phase.\necho \"SUCCESS\" > \"${SCRIPT_OUTPUT_FILE_0}\"\n";
			showEnvVarsInLog = 0;
		};
/* End PBXShellScriptBuildPhase section */

/* Begin PBXSourcesBuildPhase section */
		137A0B5B2670CE2B00543CCF /* Sources */ = {
			isa = PBXSourcesBuildPhase;
			buildActionMask = 2147483647;
			files = (
				139AD0AB2679F70E00954DB2 /* Photo.swift in Sources */,
				13495F4026B42FCE0051EE32 /* DateExtension.swift in Sources */,
				138C847B26859C4D008E5C2C /* TimeToEatCollectionViewCell.swift in Sources */,
				139AD0A02679C69D00954DB2 /* GalleryPhotoCollectionViewCell.swift in Sources */,
				138C84802685A0B8008E5C2C /* ReasonToEatCollectionViewCell.swift in Sources */,
				1394FF67267AEFE20062813A /* WeeklyCollectionViewCell.swift in Sources */,
				4434291F267C281900A85983 /* OnboardingViewController.swift in Sources */,
				EF68BF7A2683399B00AE0F0A /* FoodNameViewController.swift in Sources */,
				137A0B632670CE2B00543CCF /* AppDelegate.swift in Sources */,
				13492D57267F030600843181 /* Food101.mlmodel in Sources */,
				13B3EC7126B2B4F500870C20 /* ProfileViewController.swift in Sources */,
				2289F5CE267222A900C118CD /* FoodRecogVC.swift in Sources */,
				1315B9C626B53BC10030C84A /* CapmealModel.xcdatamodeld in Sources */,
				EFB2CFD8267B546600414E66 /* FoodDetailViewController.swift in Sources */,
				137A0B652670CE2B00543CCF /* SceneDelegate.swift in Sources */,
				138C84852685CD8B008E5C2C /* FeelToEatCollectionViewCell.swift in Sources */,
				221A0BC3267B3B570042A94A /* HasilFotoVC.swift in Sources */,
				13B3EC6726B2ABBE00870C20 /* Backup.swift in Sources */,
				1315B9C826B53BE40030C84A /* CoreDataClass.swift in Sources */,
				13B3EC6A26B2AE6F00870C20 /* HomeTabBar.swift in Sources */,
				221A0BC5267B60B00042A94A /* Extention.swift in Sources */,
				44B333B2267C159D00C4BC96 /* OnboardingSlide.swift in Sources */,
				EFAB9683267F08CF00C23BA2 /* FoodModel.swift in Sources */,
				44342927267C2BA800A85983 /* OnboardingCollectionViewCell.swift in Sources */,
				13970F042678A7DF00B6F11D /* JournalViewController.swift in Sources */,
			);
			runOnlyForDeploymentPostprocessing = 0;
		};
/* End PBXSourcesBuildPhase section */

/* Begin PBXVariantGroup section */
		137A0B702670CE2C00543CCF /* LaunchScreen.storyboard */ = {
			isa = PBXVariantGroup;
			children = (
				137A0B712670CE2C00543CCF /* Base */,
			);
			name = LaunchScreen.storyboard;
			sourceTree = "<group>";
		};
/* End PBXVariantGroup section */

/* Begin XCBuildConfiguration section */
		137A0B742670CE2C00543CCF /* Debug */ = {
			isa = XCBuildConfiguration;
			buildSettings = {
				ALWAYS_SEARCH_USER_PATHS = NO;
				CLANG_ANALYZER_NONNULL = YES;
				CLANG_ANALYZER_NUMBER_OBJECT_CONVERSION = YES_AGGRESSIVE;
				CLANG_CXX_LANGUAGE_STANDARD = "gnu++14";
				CLANG_CXX_LIBRARY = "libc++";
				CLANG_ENABLE_MODULES = YES;
				CLANG_ENABLE_OBJC_ARC = YES;
				CLANG_ENABLE_OBJC_WEAK = YES;
				CLANG_WARN_BLOCK_CAPTURE_AUTORELEASING = YES;
				CLANG_WARN_BOOL_CONVERSION = YES;
				CLANG_WARN_COMMA = YES;
				CLANG_WARN_CONSTANT_CONVERSION = YES;
				CLANG_WARN_DEPRECATED_OBJC_IMPLEMENTATIONS = YES;
				CLANG_WARN_DIRECT_OBJC_ISA_USAGE = YES_ERROR;
				CLANG_WARN_DOCUMENTATION_COMMENTS = YES;
				CLANG_WARN_EMPTY_BODY = YES;
				CLANG_WARN_ENUM_CONVERSION = YES;
				CLANG_WARN_INFINITE_RECURSION = YES;
				CLANG_WARN_INT_CONVERSION = YES;
				CLANG_WARN_NON_LITERAL_NULL_CONVERSION = YES;
				CLANG_WARN_OBJC_IMPLICIT_RETAIN_SELF = YES;
				CLANG_WARN_OBJC_LITERAL_CONVERSION = YES;
				CLANG_WARN_OBJC_ROOT_CLASS = YES_ERROR;
				CLANG_WARN_QUOTED_INCLUDE_IN_FRAMEWORK_HEADER = YES;
				CLANG_WARN_RANGE_LOOP_ANALYSIS = YES;
				CLANG_WARN_STRICT_PROTOTYPES = YES;
				CLANG_WARN_SUSPICIOUS_MOVE = YES;
				CLANG_WARN_UNGUARDED_AVAILABILITY = YES_AGGRESSIVE;
				CLANG_WARN_UNREACHABLE_CODE = YES;
				CLANG_WARN__DUPLICATE_METHOD_MATCH = YES;
				COPY_PHASE_STRIP = NO;
				DEBUG_INFORMATION_FORMAT = dwarf;
				ENABLE_STRICT_OBJC_MSGSEND = YES;
				ENABLE_TESTABILITY = YES;
				GCC_C_LANGUAGE_STANDARD = gnu11;
				GCC_DYNAMIC_NO_PIC = NO;
				GCC_NO_COMMON_BLOCKS = YES;
				GCC_OPTIMIZATION_LEVEL = 0;
				GCC_PREPROCESSOR_DEFINITIONS = (
					"DEBUG=1",
					"$(inherited)",
				);
				GCC_WARN_64_TO_32_BIT_CONVERSION = YES;
				GCC_WARN_ABOUT_RETURN_TYPE = YES_ERROR;
				GCC_WARN_UNDECLARED_SELECTOR = YES;
				GCC_WARN_UNINITIALIZED_AUTOS = YES_AGGRESSIVE;
				GCC_WARN_UNUSED_FUNCTION = YES;
				GCC_WARN_UNUSED_VARIABLE = YES;
				IPHONEOS_DEPLOYMENT_TARGET = 14.5;
				MTL_ENABLE_DEBUG_INFO = INCLUDE_SOURCE;
				MTL_FAST_MATH = YES;
				ONLY_ACTIVE_ARCH = YES;
				SDKROOT = iphoneos;
				SWIFT_ACTIVE_COMPILATION_CONDITIONS = DEBUG;
				SWIFT_OPTIMIZATION_LEVEL = "-Onone";
			};
			name = Debug;
		};
		137A0B752670CE2C00543CCF /* Release */ = {
			isa = XCBuildConfiguration;
			buildSettings = {
				ALWAYS_SEARCH_USER_PATHS = NO;
				CLANG_ANALYZER_NONNULL = YES;
				CLANG_ANALYZER_NUMBER_OBJECT_CONVERSION = YES_AGGRESSIVE;
				CLANG_CXX_LANGUAGE_STANDARD = "gnu++14";
				CLANG_CXX_LIBRARY = "libc++";
				CLANG_ENABLE_MODULES = YES;
				CLANG_ENABLE_OBJC_ARC = YES;
				CLANG_ENABLE_OBJC_WEAK = YES;
				CLANG_WARN_BLOCK_CAPTURE_AUTORELEASING = YES;
				CLANG_WARN_BOOL_CONVERSION = YES;
				CLANG_WARN_COMMA = YES;
				CLANG_WARN_CONSTANT_CONVERSION = YES;
				CLANG_WARN_DEPRECATED_OBJC_IMPLEMENTATIONS = YES;
				CLANG_WARN_DIRECT_OBJC_ISA_USAGE = YES_ERROR;
				CLANG_WARN_DOCUMENTATION_COMMENTS = YES;
				CLANG_WARN_EMPTY_BODY = YES;
				CLANG_WARN_ENUM_CONVERSION = YES;
				CLANG_WARN_INFINITE_RECURSION = YES;
				CLANG_WARN_INT_CONVERSION = YES;
				CLANG_WARN_NON_LITERAL_NULL_CONVERSION = YES;
				CLANG_WARN_OBJC_IMPLICIT_RETAIN_SELF = YES;
				CLANG_WARN_OBJC_LITERAL_CONVERSION = YES;
				CLANG_WARN_OBJC_ROOT_CLASS = YES_ERROR;
				CLANG_WARN_QUOTED_INCLUDE_IN_FRAMEWORK_HEADER = YES;
				CLANG_WARN_RANGE_LOOP_ANALYSIS = YES;
				CLANG_WARN_STRICT_PROTOTYPES = YES;
				CLANG_WARN_SUSPICIOUS_MOVE = YES;
				CLANG_WARN_UNGUARDED_AVAILABILITY = YES_AGGRESSIVE;
				CLANG_WARN_UNREACHABLE_CODE = YES;
				CLANG_WARN__DUPLICATE_METHOD_MATCH = YES;
				COPY_PHASE_STRIP = NO;
				DEBUG_INFORMATION_FORMAT = "dwarf-with-dsym";
				ENABLE_NS_ASSERTIONS = NO;
				ENABLE_STRICT_OBJC_MSGSEND = YES;
				GCC_C_LANGUAGE_STANDARD = gnu11;
				GCC_NO_COMMON_BLOCKS = YES;
				GCC_WARN_64_TO_32_BIT_CONVERSION = YES;
				GCC_WARN_ABOUT_RETURN_TYPE = YES_ERROR;
				GCC_WARN_UNDECLARED_SELECTOR = YES;
				GCC_WARN_UNINITIALIZED_AUTOS = YES_AGGRESSIVE;
				GCC_WARN_UNUSED_FUNCTION = YES;
				GCC_WARN_UNUSED_VARIABLE = YES;
				IPHONEOS_DEPLOYMENT_TARGET = 14.5;
				MTL_ENABLE_DEBUG_INFO = NO;
				MTL_FAST_MATH = YES;
				SDKROOT = iphoneos;
				SWIFT_COMPILATION_MODE = wholemodule;
				SWIFT_OPTIMIZATION_LEVEL = "-O";
				VALIDATE_PRODUCT = YES;
			};
			name = Release;
		};
		137A0B772670CE2C00543CCF /* Debug */ = {
			isa = XCBuildConfiguration;
			baseConfigurationReference = 9ABF74E3677E2222C9FEFBBA /* Pods-Healco.debug.xcconfig */;
			buildSettings = {
				ASSETCATALOG_COMPILER_APPICON_NAME = AppIcon;
				ASSETCATALOG_COMPILER_GLOBAL_ACCENT_COLOR_NAME = AccentColor;
				CODE_SIGN_ENTITLEMENTS = Healco/Healco.entitlements;
				CODE_SIGN_STYLE = Automatic;
				DEVELOPMENT_TEAM = 9P49UTYHH6;
				INFOPLIST_FILE = Healco/Info.plist;
				IPHONEOS_DEPLOYMENT_TARGET = 14.3;
				LD_RUNPATH_SEARCH_PATHS = (
					"$(inherited)",
					"@executable_path/Frameworks",
				);
				PRODUCT_BUNDLE_IDENTIFIER = id.SMILE.Capmeal;
				PRODUCT_NAME = "$(TARGET_NAME)";
				SWIFT_VERSION = 5.0;
				TARGETED_DEVICE_FAMILY = "1,2";
			};
			name = Debug;
		};
		137A0B782670CE2C00543CCF /* Release */ = {
			isa = XCBuildConfiguration;
			baseConfigurationReference = 926237BE82BF52C385C57C5A /* Pods-Healco.release.xcconfig */;
			buildSettings = {
				ASSETCATALOG_COMPILER_APPICON_NAME = AppIcon;
				ASSETCATALOG_COMPILER_GLOBAL_ACCENT_COLOR_NAME = AccentColor;
				CODE_SIGN_ENTITLEMENTS = Healco/Healco.entitlements;
				CODE_SIGN_IDENTITY = "Apple Development";
				CODE_SIGN_STYLE = Automatic;
				DEVELOPMENT_TEAM = 9P49UTYHH6;
				INFOPLIST_FILE = Healco/Info.plist;
				IPHONEOS_DEPLOYMENT_TARGET = 14.3;
				LD_RUNPATH_SEARCH_PATHS = (
					"$(inherited)",
					"@executable_path/Frameworks",
				);
				PRODUCT_BUNDLE_IDENTIFIER = id.SMILE.Capmeal;
				PRODUCT_NAME = "$(TARGET_NAME)";
				PROVISIONING_PROFILE_SPECIFIER = "";
				SWIFT_VERSION = 5.0;
				TARGETED_DEVICE_FAMILY = "1,2";
			};
			name = Release;
		};
/* End XCBuildConfiguration section */

/* Begin XCConfigurationList section */
		137A0B5A2670CE2B00543CCF /* Build configuration list for PBXProject "Healco" */ = {
			isa = XCConfigurationList;
			buildConfigurations = (
				137A0B742670CE2C00543CCF /* Debug */,
				137A0B752670CE2C00543CCF /* Release */,
			);
			defaultConfigurationIsVisible = 0;
			defaultConfigurationName = Release;
		};
		137A0B762670CE2C00543CCF /* Build configuration list for PBXNativeTarget "Healco" */ = {
			isa = XCConfigurationList;
			buildConfigurations = (
				137A0B772670CE2C00543CCF /* Debug */,
				137A0B782670CE2C00543CCF /* Release */,
			);
			defaultConfigurationIsVisible = 0;
			defaultConfigurationName = Release;
		};
/* End XCConfigurationList section */

/* Begin XCRemoteSwiftPackageReference section */
		13A11C74268324E200FA1545 /* XCRemoteSwiftPackageReference "FatSecretSwift" */ = {
			isa = XCRemoteSwiftPackageReference;
			repositoryURL = "https://github.com/NicholasBellucci/FatSecretSwift.git";
			requirement = {
				kind = upToNextMajorVersion;
				minimumVersion = 0.1.0;
			};
		};
/* End XCRemoteSwiftPackageReference section */

/* Begin XCSwiftPackageProductDependency section */
		13A11C75268324E200FA1545 /* FatSecretSwift */ = {
			isa = XCSwiftPackageProductDependency;
			package = 13A11C74268324E200FA1545 /* XCRemoteSwiftPackageReference "FatSecretSwift" */;
			productName = FatSecretSwift;
		};
/* End XCSwiftPackageProductDependency section */

/* Begin XCVersionGroup section */
		1315B9C426B53BC10030C84A /* CapmealModel.xcdatamodeld */ = {
			isa = XCVersionGroup;
			children = (
				1315B9C526B53BC10030C84A /* CapmealModel.xcdatamodel */,
			);
			currentVersion = 1315B9C526B53BC10030C84A /* CapmealModel.xcdatamodel */;
			path = CapmealModel.xcdatamodeld;
			sourceTree = "<group>";
			versionGroupType = wrapper.xcdatamodel;
		};
/* End XCVersionGroup section */
	};
	rootObject = 137A0B572670CE2B00543CCF /* Project object */;
}
